
Microsoft Visual Studio Solution File, Format Version 12.00
# Visual Studio Version 16
VisualStudioVersion = 16.0.31005.135
MinimumVisualStudioVersion = 10.0.40219.1
Project("{FAE04EC0-301F-11D3-BF4B-00C04F79EFBC}") = "Lesson_1", "Lesson_1\Lesson_1.csproj", "{10DAFD68-FFEF-4EE6-819A-91D6B05DDAB2}"
EndProject
Project("{FAE04EC0-301F-11D3-BF4B-00C04F79EFBC}") = "Lesson_2", "Lesson_2\Lesson_2.csproj", "{DA8EBDE2-B06B-4211-B30C-483C2A85516F}"
EndProject
Project("{FAE04EC0-301F-11D3-BF4B-00C04F79EFBC}") = "Lesson_3", "Lesson_3\Lesson_3.csproj", "{C0F5E6E1-00EA-4606-9D74-1D9EF0C990D2}"
EndProject
Global
	GlobalSection(SolutionConfigurationPlatforms) = preSolution
		Debug|Any CPU = Debug|Any CPU
		Release|Any CPU = Release|Any CPU
	EndGlobalSection
	GlobalSection(ProjectConfigurationPlatforms) = postSolution
		{10DAFD68-FFEF-4EE6-819A-91D6B05DDAB2}.Debug|Any CPU.ActiveCfg = Debug|Any CPU
		{10DAFD68-FFEF-4EE6-819A-91D6B05DDAB2}.Debug|Any CPU.Build.0 = Debug|Any CPU
		{10DAFD68-FFEF-4EE6-819A-91D6B05DDAB2}.Release|Any CPU.ActiveCfg = Release|Any CPU
		{10DAFD68-FFEF-4EE6-819A-91D6B05DDAB2}.Release|Any CPU.Build.0 = Release|Any CPU
		{DA8EBDE2-B06B-4211-B30C-483C2A85516F}.Debug|Any CPU.ActiveCfg = Debug|Any CPU
		{DA8EBDE2-B06B-4211-B30C-483C2A85516F}.Debug|Any CPU.Build.0 = Debug|Any CPU
		{DA8EBDE2-B06B-4211-B30C-483C2A85516F}.Release|Any CPU.ActiveCfg = Release|Any CPU
		{DA8EBDE2-B06B-4211-B30C-483C2A85516F}.Release|Any CPU.Build.0 = Release|Any CPU
		{C0F5E6E1-00EA-4606-9D74-1D9EF0C990D2}.Debug|Any CPU.ActiveCfg = Debug|Any CPU
		{C0F5E6E1-00EA-4606-9D74-1D9EF0C990D2}.Debug|Any CPU.Build.0 = Debug|Any CPU
		{C0F5E6E1-00EA-4606-9D74-1D9EF0C990D2}.Release|Any CPU.ActiveCfg = Release|Any CPU
		{C0F5E6E1-00EA-4606-9D74-1D9EF0C990D2}.Release|Any CPU.Build.0 = Release|Any CPU
	EndGlobalSection
	GlobalSection(SolutionProperties) = preSolution
		HideSolutionNode = FALSE
	EndGlobalSection
	GlobalSection(ExtensibilityGlobals) = postSolution
		SolutionGuid = {27E715E3-68EA-4337-AF22-F866C708987C}
	EndGlobalSection
EndGlobal
